# This file is automatically @generated by Cargo.
# It is not intended for manual editing.
version = 3

[[package]]
name = "nova-ast"
version = "0.1.0"
dependencies = [
 "nova-source",
 "nova-syntax",
]

[[package]]
name = "nova-core-ids"
version = "0.1.0"

[[package]]
name = "nova-diagnostics"
version = "0.1.0"
dependencies = [
 "nova-source",
]

[[package]]
name = "nova-hir"
version = "0.1.0"
dependencies = [
 "nova-ast",
 "nova-lexer",
 "nova-parser",
 "nova-source",
 "nova-syntax",
]

[[package]]
name = "nova-lexer"
version = "0.1.0"
dependencies = [
 "nova-diagnostics",
 "nova-source",
 "nova-syntax",
 "unicode-ident",
]

[[package]]
name = "nova-mir"
version = "0.1.0"
dependencies = [
 "nova-hir",
 "nova-lexer",
 "nova-parser",
 "nova-resolve",
 "nova-source",
 "nova-syntax",
 "nova-typecheck",
 "nova-types",
]

[[package]]
name = "nova-parser"
version = "0.1.0"
dependencies = [
 "nova-ast",
 "nova-diagnostics",
 "nova-lexer",
 "nova-source",
 "nova-syntax",
]

[[package]]
name = "nova-resolve"
version = "0.1.0"
dependencies = [
 "nova-diagnostics",
 "nova-hir",
 "nova-source",
]

[[package]]
name = "nova-source"
version = "0.1.0"
dependencies = [
 "nova-core-ids",
]

[[package]]
name = "nova-syntax"
version = "0.1.0"
dependencies = [
 "nova-source",
]

[[package]]
name = "nova-typecheck"
version = "0.1.0"
dependencies = [
 "nova-diagnostics",
 "nova-hir",
 "nova-lexer",
 "nova-parser",
 "nova-resolve",
 "nova-source",
 "nova-syntax",
 "nova-types",
]

[[package]]
name = "nova-types"
version = "0.1.0"

[[package]]
name = "unicode-ident"
version = "1.0.26"
