# This file is automatically @generated by Cargo.
# It is not intended for manual editing.
version = 3

[[package]]
name = "nova-core-ids"
version = "0.1.0"

[[package]]
name = "nova-diagnostics"
version = "0.1.0"
dependencies = [
 "nova-source",
]

[[package]]
name = "nova-lexer"
version = "0.1.0"
dependencies = [
 "nova-diagnostics",
 "nova-source",
 "nova-syntax",
 "unicode-ident",
]

[[package]]
name = "nova-source"
version = "0.1.0"
dependencies = [
 "nova-core-ids",
]

[[package]]
name = "nova-syntax"
version = "0.1.0"
dependencies = [
 "nova-source",
]

[[package]]
name = "unicode-ident"
version = "1.0.26"
